
Microsoft Visual Studio Solution File, Format Version 12.00
# Visual Studio Version 17
VisualStudioVersion = 17.8.34511.84
MinimumVisualStudioVersion = 10.0.40219.1
Project("{FAE04EC0-301F-11D3-BF4B-00C04F79EFBC}") = "Feb1praticecustomer", "Feb1praticecustomer\Feb1praticecustomer.csproj", "{4C554E04-52BD-44DA-9E51-75B5123C0B39}"
EndProject
Global
	GlobalSection(SolutionConfigurationPlatforms) = preSolution
		Debug|Any CPU = Debug|Any CPU
		Release|Any CPU = Release|Any CPU
	EndGlobalSection
	GlobalSection(ProjectConfigurationPlatforms) = postSolution
		{4C554E04-52BD-44DA-9E51-75B5123C0B39}.Debug|Any CPU.ActiveCfg = Debug|Any CPU
		{4C554E04-52BD-44DA-9E51-75B5123C0B39}.Debug|Any CPU.Build.0 = Debug|Any CPU
		{4C554E04-52BD-44DA-9E51-75B5123C0B39}.Release|Any CPU.ActiveCfg = Release|Any CPU
		{4C554E04-52BD-44DA-9E51-75B5123C0B39}.Release|Any CPU.Build.0 = Release|Any CPU
	EndGlobalSection
	GlobalSection(SolutionProperties) = preSolution
		HideSolutionNode = FALSE
	EndGlobalSection
	GlobalSection(ExtensibilityGlobals) = postSolution
		SolutionGuid = {22C0C1B5-0428-4C16-8C55-B3349089F0B4}
	EndGlobalSection
EndGlobal
